
Microsoft Visual Studio Solution File, Format Version 12.00
# Visual Studio Version 17
VisualStudioVersion = 17.5.33424.131
MinimumVisualStudioVersion = 10.0.40219.1
Project("{8BC9CEB8-8B4A-11D0-8D11-00A0C91BC942}") = "MemoryDumper", "MemoryDumper\MemoryDumper.vcxproj", "{201D8987-C03E-42A7-A700-0A36E2C00886}"
EndProject
Project("{8BC9CEB8-8B4A-11D0-8D11-00A0C91BC942}") = "Decrypt", "Decrypt\Decrypt.vcxproj", "{F04D0836-A7F7-48BB-844D-E67629C6E4D3}"
EndProject
Global
	GlobalSection(SolutionConfigurationPlatforms) = preSolution
		Debug|x64 = Debug|x64
		Debug|x86 = Debug|x86
		Release|x64 = Release|x64
		Release|x86 = Release|x86
	EndGlobalSection
	GlobalSection(ProjectConfigurationPlatforms) = postSolution
		{201D8987-C03E-42A7-A700-0A36E2C00886}.Debug|x64.ActiveCfg = Debug|x64
		{201D8987-C03E-42A7-A700-0A36E2C00886}.Debug|x64.Build.0 = Debug|x64
		{201D8987-C03E-42A7-A700-0A36E2C00886}.Debug|x86.ActiveCfg = Debug|Win32
		{201D8987-C03E-42A7-A700-0A36E2C00886}.Debug|x86.Build.0 = Debug|Win32
		{201D8987-C03E-42A7-A700-0A36E2C00886}.Release|x64.ActiveCfg = Release|x64
		{201D8987-C03E-42A7-A700-0A36E2C00886}.Release|x64.Build.0 = Release|x64
		{201D8987-C03E-42A7-A700-0A36E2C00886}.Release|x86.ActiveCfg = Release|Win32
		{201D8987-C03E-42A7-A700-0A36E2C00886}.Release|x86.Build.0 = Release|Win32
		{F04D0836-A7F7-48BB-844D-E67629C6E4D3}.Debug|x64.ActiveCfg = Debug|x64
		{F04D0836-A7F7-48BB-844D-E67629C6E4D3}.Debug|x64.Build.0 = Debug|x64
		{F04D0836-A7F7-48BB-844D-E67629C6E4D3}.Debug|x86.ActiveCfg = Debug|Win32
		{F04D0836-A7F7-48BB-844D-E67629C6E4D3}.Debug|x86.Build.0 = Debug|Win32
		{F04D0836-A7F7-48BB-844D-E67629C6E4D3}.Release|x64.ActiveCfg = Release|x64
		{F04D0836-A7F7-48BB-844D-E67629C6E4D3}.Release|x64.Build.0 = Release|x64
		{F04D0836-A7F7-48BB-844D-E67629C6E4D3}.Release|x86.ActiveCfg = Release|Win32
		{F04D0836-A7F7-48BB-844D-E67629C6E4D3}.Release|x86.Build.0 = Release|Win32
	EndGlobalSection
	GlobalSection(SolutionProperties) = preSolution
		HideSolutionNode = FALSE
	EndGlobalSection
	GlobalSection(ExtensibilityGlobals) = postSolution
		SolutionGuid = {5314EF3A-1D0A-4EA8-8C8B-E7368CE33756}
	EndGlobalSection
EndGlobal
